
Microsoft Visual Studio Solution File, Format Version 12.00
# Visual Studio Version 17
VisualStudioVersion = 17.10.35013.160
MinimumVisualStudioVersion = 10.0.40219.1
Project("{FAE04EC0-301F-11D3-BF4B-00C04F79EFBC}") = "CurrencyConverter", "CurrencyConverter\CurrencyConverter.csproj", "{0E474B32-BC05-43DD-906B-90A4B6734C83}"
EndProject
Global
	GlobalSection(SolutionConfigurationPlatforms) = preSolution
		Debug|Any CPU = Debug|Any CPU
		Release|Any CPU = Release|Any CPU
	EndGlobalSection
	GlobalSection(ProjectConfigurationPlatforms) = postSolution
		{0E474B32-BC05-43DD-906B-90A4B6734C83}.Debug|Any CPU.ActiveCfg = Debug|Any CPU
		{0E474B32-BC05-43DD-906B-90A4B6734C83}.Debug|Any CPU.Build.0 = Debug|Any CPU
		{0E474B32-BC05-43DD-906B-90A4B6734C83}.Release|Any CPU.ActiveCfg = Release|Any CPU
		{0E474B32-BC05-43DD-906B-90A4B6734C83}.Release|Any CPU.Build.0 = Release|Any CPU
	EndGlobalSection
	GlobalSection(SolutionProperties) = preSolution
		HideSolutionNode = FALSE
	EndGlobalSection
	GlobalSection(ExtensibilityGlobals) = postSolution
		SolutionGuid = {EBF146B0-A684-4A40-AD34-6C53200AE795}
	EndGlobalSection
EndGlobal
